
Microsoft Visual Studio Solution File, Format Version 12.00
# Visual Studio 14
VisualStudioVersion = 14.0.25420.1
MinimumVisualStudioVersion = 10.0.40219.1
Project("{FAE04EC0-301F-11D3-BF4B-00C04F79EFBC}") = "Whats in the Bag", "Whats in the Bag.csproj", "{6A68B316-5E8D-45CC-AD6A-DBFBECA40191}"
EndProject
Project("{FAE04EC0-301F-11D3-BF4B-00C04F79EFBC}") = "UnitTestProject1", "..\UnitTestProject1\UnitTestProject1.csproj", "{0905C2C4-FA8F-485D-879D-F0C122C920B1}"
EndProject
Global
	GlobalSection(SolutionConfigurationPlatforms) = preSolution
		Debug|Any CPU = Debug|Any CPU
		Release|Any CPU = Release|Any CPU
	EndGlobalSection
	GlobalSection(ProjectConfigurationPlatforms) = postSolution
		{6A68B316-5E8D-45CC-AD6A-DBFBECA40191}.Debug|Any CPU.ActiveCfg = Debug|Any CPU
		{6A68B316-5E8D-45CC-AD6A-DBFBECA40191}.Debug|Any CPU.Build.0 = Debug|Any CPU
		{6A68B316-5E8D-45CC-AD6A-DBFBECA40191}.Release|Any CPU.ActiveCfg = Release|Any CPU
		{6A68B316-5E8D-45CC-AD6A-DBFBECA40191}.Release|Any CPU.Build.0 = Release|Any CPU
		{0905C2C4-FA8F-485D-879D-F0C122C920B1}.Debug|Any CPU.ActiveCfg = Debug|Any CPU
		{0905C2C4-FA8F-485D-879D-F0C122C920B1}.Debug|Any CPU.Build.0 = Debug|Any CPU
		{0905C2C4-FA8F-485D-879D-F0C122C920B1}.Release|Any CPU.ActiveCfg = Release|Any CPU
		{0905C2C4-FA8F-485D-879D-F0C122C920B1}.Release|Any CPU.Build.0 = Release|Any CPU
	EndGlobalSection
	GlobalSection(SolutionProperties) = preSolution
		HideSolutionNode = FALSE
	EndGlobalSection
EndGlobal
